NeoBundleLock L9 c822b05ee0886f9a9703227dc85a6d47612c4bf1
NeoBundleLock ag.vim 6600953fc7c85ca43216abf4765118994bf0cc5f
NeoBundleLock ctrlp.vim 7a80267ed061f3dc30bb319f438bdadfd8c7b1fd
NeoBundleLock delimitMate 8bc47fd1c40cdad9ea1f36c0cf13592c70ea65e9
NeoBundleLock emmet-vim e24ea1734e77c76913e7eca3bbee9f5e238e4a84
NeoBundleLock gist-vim 88c331e2e07765090112a396e5e119b39b5aa754
NeoBundleLock gundo.vim 3975ac871565115e3769dc69c06bc88ddc1369af
NeoBundleLock matchit 060d9d8aa381d6a650b649d38c992b59db3ed1a3
NeoBundleLock neobundle.vim 1d9257dfcff297959332f262351746ec88166965
NeoBundleLock tcomment_vim aa482258d97ab54bd0065799ac4e60c2cd01e840
NeoBundleLock textobj-word-column.vim cb40e1459817a7fa23741ff6df05e4481bde5a33
NeoBundleLock tlib_vim 945510e351a36a05ad2c02e2376ce5426f091f08
NeoBundleLock vim-addon-mw-utils 0c5612fa31ee434ba055e21c76f456244b3b5109
NeoBundleLock vim-easymotion 2cc10c416fb9e883d20fac68a8088c1f3a89d966
NeoBundleLock vim-endwise f06abe3d6eca6f6ebfc31ea3163a51575f450df6
NeoBundleLock vim-gitgutter 1aed46c072fd9bd00650474e89f0e4d3a483dad8
NeoBundleLock vim-instant-markdown 915c6812d45c00e5ad85c8147c6179743a41ae11
NeoBundleLock vim-javascript-syntax c907b157ab22c73c517e07d29f7a753bbf8b8206
NeoBundleLock vim-multiple-cursors 73a78c926ad208bd1984e575ceece276d61a1404
NeoBundleLock vim-rails e25769a7f42d86b38d6ee87350ff2f6a37e68258
NeoBundleLock vim-ruby 5b526fa7924fbbdd579cf3bc080d03f752d5584c
NeoBundleLock vim-ruby-refactoring 6447a4debc3263a0fa99feeab5548edf27ecf045
NeoBundleLock vim-seeing-is-believing 8ca3af76117401e18358a5fdb4f542082c920833
NeoBundleLock vim-snipmate 7f91de39088138491e40a35a855adb70677b02d3
NeoBundleLock vim-snippets 03475a51d2121d980b840030f1188c2456b06e73
NeoBundleLock vim-surround 2d05440ad23f97a7874ebd9b5de3a0e65d25d85c
NeoBundleLock vim-tmux-navigator 1298b71c420f1d0abceba3f35cc710131f84d73b
NeoBundleLock webapi-vim dfc60635e610f9200646a84d11887af9e3d50b10
