NeoBundleLock L9 c822b05ee0886f9a9703227dc85a6d47612c4bf1
NeoBundleLock ag.vim c478f7973074f15bbf82c298a1678b4e23f1767a
NeoBundleLock ctrlp.vim 7d42031ffe202d7f54f124ecb6583df470156f12
NeoBundleLock delimitMate 8bc47fd1c40cdad9ea1f36c0cf13592c70ea65e9
NeoBundleLock emmet-vim e24ea1734e77c76913e7eca3bbee9f5e238e4a84
NeoBundleLock gist-vim 88c331e2e07765090112a396e5e119b39b5aa754
NeoBundleLock greplace.vim 475d5675ff7258b50446a723fd173c9fba2f8e6a
NeoBundleLock gundo.vim 3975ac871565115e3769dc69c06bc88ddc1369af
NeoBundleLock lightline.vim 616837f44e4606257f134e6cf3f9cd4e8098019a
NeoBundleLock matchit 060d9d8aa381d6a650b649d38c992b59db3ed1a3
NeoBundleLock neobundle.vim e7c1e4122b1d1ec1841256abeb7999758aaa9fca
NeoBundleLock tcomment_vim f5ca095f3caed4b267737d033d23cea421777149
NeoBundleLock textobj-word-column.vim cb40e1459817a7fa23741ff6df05e4481bde5a33
NeoBundleLock vim-dragvisuals 86e0f6c731d039546dc29f222571a4620d59f801
NeoBundleLock vim-easymotion 2cc10c416fb9e883d20fac68a8088c1f3a89d966
NeoBundleLock vim-endwise f06abe3d6eca6f6ebfc31ea3163a51575f450df6
NeoBundleLock vim-gitgutter 51d9a3f2bc2ed9a2e6e23dd0a37d0fe6d7880e5b
NeoBundleLock vim-instant-markdown 915c6812d45c00e5ad85c8147c6179743a41ae11
NeoBundleLock vim-javascript-syntax c907b157ab22c73c517e07d29f7a753bbf8b8206
NeoBundleLock vim-misc 3e6b8fb6f03f13434543ce1f5d24f6a5d3f34f0b
NeoBundleLock vim-multiple-cursors 73a78c926ad208bd1984e575ceece276d61a1404
NeoBundleLock vim-polyglot ac42e00864add94e985ef7f4c3a4f1b8a3b124be
NeoBundleLock vim-rails e25769a7f42d86b38d6ee87350ff2f6a37e68258
NeoBundleLock vim-ruby 7a0469404d845503d1ec81d06a1b87a13c0905a1
NeoBundleLock vim-run-interactive 060a9fcb69f1da0824fcfe6d4055597abad8fc2e
NeoBundleLock vim-surround 2d05440ad23f97a7874ebd9b5de3a0e65d25d85c
NeoBundleLock vim-tmux-navigator 999d252134d7bcd5e488a611f795c6500c198d92
NeoBundleLock vimwiki 2f95a6a651bcc388af466e7377ae3ded3cfcc035
NeoBundleLock webapi-vim dfc60635e610f9200646a84d11887af9e3d50b10
