NeoBundleLock L9 c822b05ee0886f9a9703227dc85a6d47612c4bf1
NeoBundleLock ag.vim c478f7973074f15bbf82c298a1678b4e23f1767a
NeoBundleLock ctrlp.vim 7a80267ed061f3dc30bb319f438bdadfd8c7b1fd
NeoBundleLock delimitMate 8bc47fd1c40cdad9ea1f36c0cf13592c70ea65e9
NeoBundleLock emmet-vim e24ea1734e77c76913e7eca3bbee9f5e238e4a84
NeoBundleLock gist-vim 88c331e2e07765090112a396e5e119b39b5aa754
NeoBundleLock gundo.vim 3975ac871565115e3769dc69c06bc88ddc1369af
NeoBundleLock matchit 060d9d8aa381d6a650b649d38c992b59db3ed1a3
NeoBundleLock neobundle.vim 11ddc28df058770058fd118245aff678fa51fc26
NeoBundleLock tcomment_vim f5ca095f3caed4b267737d033d23cea421777149
NeoBundleLock textobj-word-column.vim cb40e1459817a7fa23741ff6df05e4481bde5a33
NeoBundleLock tlib_vim 11efae2f16c9375bbc0cb35b6234888996969cef
NeoBundleLock vim-addon-mw-utils 0c5612fa31ee434ba055e21c76f456244b3b5109
NeoBundleLock vim-easymotion 2cc10c416fb9e883d20fac68a8088c1f3a89d966
NeoBundleLock vim-endwise f06abe3d6eca6f6ebfc31ea3163a51575f450df6
NeoBundleLock vim-gitgutter 1aed46c072fd9bd00650474e89f0e4d3a483dad8
NeoBundleLock vim-instant-markdown 915c6812d45c00e5ad85c8147c6179743a41ae11
NeoBundleLock vim-javascript-syntax c907b157ab22c73c517e07d29f7a753bbf8b8206
NeoBundleLock vim-multiple-cursors 73a78c926ad208bd1984e575ceece276d61a1404
NeoBundleLock vim-rails e25769a7f42d86b38d6ee87350ff2f6a37e68258
NeoBundleLock vim-ruby 5b526fa7924fbbdd579cf3bc080d03f752d5584c
NeoBundleLock vim-ruby-refactoring 6447a4debc3263a0fa99feeab5548edf27ecf045
NeoBundleLock vim-seeing-is-believing 8ca3af76117401e18358a5fdb4f542082c920833
NeoBundleLock vim-snipmate 7f91de39088138491e40a35a855adb70677b02d3
NeoBundleLock vim-snippets a6d9f6a098d7d942a76d033bbb01ec5b16913463
NeoBundleLock vim-surround 2d05440ad23f97a7874ebd9b5de3a0e65d25d85c
NeoBundleLock vim-tmux-navigator 9dcea0c971823f9d3f442ea8c449844a58d9d060
NeoBundleLock webapi-vim dfc60635e610f9200646a84d11887af9e3d50b10
